
Microsoft Visual Studio Solution File, Format Version 12.00
# Visual Studio 15
VisualStudioVersion = 15.0.27130.2010
MinimumVisualStudioVersion = 10.0.40219.1
Project("{FAE04EC0-301F-11D3-BF4B-00C04F79EFBC}") = "SimpleCalculator", "SimpleCalculator\SimpleCalculator.csproj", "{6AC9050F-BB2A-4CEA-9F51-DBC36C09515E}"
EndProject
Global
	GlobalSection(SolutionConfigurationPlatforms) = preSolution
		Debug|Any CPU = Debug|Any CPU
		Release|Any CPU = Release|Any CPU
	EndGlobalSection
	GlobalSection(ProjectConfigurationPlatforms) = postSolution
		{6AC9050F-BB2A-4CEA-9F51-DBC36C09515E}.Debug|Any CPU.ActiveCfg = Debug|Any CPU
		{6AC9050F-BB2A-4CEA-9F51-DBC36C09515E}.Debug|Any CPU.Build.0 = Debug|Any CPU
		{6AC9050F-BB2A-4CEA-9F51-DBC36C09515E}.Release|Any CPU.ActiveCfg = Release|Any CPU
		{6AC9050F-BB2A-4CEA-9F51-DBC36C09515E}.Release|Any CPU.Build.0 = Release|Any CPU
	EndGlobalSection
	GlobalSection(SolutionProperties) = preSolution
		HideSolutionNode = FALSE
	EndGlobalSection
	GlobalSection(ExtensibilityGlobals) = postSolution
		SolutionGuid = {9FE10A16-257B-47E3-9D57-2AD45E142569}
	EndGlobalSection
EndGlobal
